{
  "name": "public",
  "version": "1.0.0",
  "lockfileVersion": 1,
  "requires": true,
  "dependencies": {
    "@fortawesome/fontawesome-free": {
      "version": "5.7.2",
      "resolved": "https://registry.npmjs.org/@fortawesome/fontawesome-free/-/fontawesome-free-5.7.2.tgz",
      "integrity": "sha512-Ha4HshKdCVKgu4TVCtG8XyPPYdzTzNW4/fvPnn+LT7AosRABryhlRv4cc4+o84dgpvVJN9reN7jo/c+nYujFug=="
    },
    "@sn8/themify-icons": {
      "version": "1.0.0",
      "resolved": "https://registry.npmjs.org/@sn8/themify-icons/-/themify-icons-1.0.0.tgz",
      "integrity": "sha512-fcV/Am57imdVKBUkgk5yJGPNlTXxLLGc4y/4jwLtxeB+ijU/nur6FlpzSJuWydoqjvYX99jFUBhgTvi1jqG+oA=="
    },
    "ajaxchimp": {
      "version": "1.3.0",
      "resolved": "https://registry.npmjs.org/ajaxchimp/-/ajaxchimp-1.3.0.tgz",
      "integrity": "sha1-2HU2lUYYhhzWnZBSP3AV8J5LqcE="
    },
    "bootstrap": {
      "version": "4.3.1",
      "resolved": "https://registry.npmjs.org/bootstrap/-/bootstrap-4.3.1.tgz",
      "integrity": "sha512-rXqOmH1VilAt2DyPzluTi2blhk17bO7ef+zLLPlWvG494pDxcM234pJ8wTc/6R40UWizAIIMgxjvxZg5kmsbag=="
    },
    "jquery": {
      "version": "3.3.1",
      "resolved": "https://registry.npmjs.org/jquery/-/jquery-3.3.1.tgz",
      "integrity": "sha512-Ubldcmxp5np52/ENotGxlLe6aGMvmF4R8S6tZjsP6Knsaxd/xp3Zrh50cG93lR6nPXyUFwzN3ZSOQI0wRJNdGg=="
    },
    "jquery-nice-select": {
      "version": "1.1.0",
      "resolved": "https://registry.npmjs.org/jquery-nice-select/-/jquery-nice-select-1.1.0.tgz",
      "integrity": "sha1-nNWQ/q1Wr+a8zUEpQpP7o1YYnH0=",
      "requires": {
        "jquery": "^2.2.3"
      },
      "dependencies": {
        "jquery": {
          "version": "2.2.4",
          "resolved": "https://registry.npmjs.org/jquery/-/jquery-2.2.4.tgz",
          "integrity": "sha1-LInWiJterFIqfuoywUUhVZxsvwI="
        }
      }
    },
    "magnific-popup": {
      "version": "1.1.0",
      "resolved": "https://registry.npmjs.org/magnific-popup/-/magnific-popup-1.1.0.tgz",
      "integrity": "sha1-PnNixb0Y9nhf6Z5Z0BPiCvM9MEk="
    },
    "owl.carousel": {
      "version": "2.3.4",
      "resolved": "https://registry.npmjs.org/owl.carousel/-/owl.carousel-2.3.4.tgz",
      "integrity": "sha512-JaDss9+feAvEW8KZppPSpllfposEzQiW+Ytt/Xm5t/3CTJ7YVmkh6RkWixoA2yXk2boIwedYxOvrrppIGzru9A==",
      "requires": {
        "jquery": ">=1.8.3"
      }
    },
    "superfish": {
      "version": "1.7.10",
      "resolved": "https://registry.npmjs.org/superfish/-/superfish-1.7.10.tgz",
      "integrity": "sha512-4O2ySFEtu9AEmYy4gkRl2ifHPwzR1RSQBTpFedpR2nv8qxhx3lEdotHvxKGApHdjmffJuB/Oj5wflHJh1bnMIw==",
      "requires": {
        "jquery": ">=1.8"
      }
    }
  }
}
